
Microsoft Visual Studio Solution File, Format Version 12.00
Project("{FAE04EC0-301F-11D3-BF4B-00C04F79EFBC}") = "dotnetTemplate.Core", "dotnetTemplate.Core\dotnetTemplate.Core.csproj", "{C324BE7C-68C4-46E1-9F27-55A0EED2F0E7}"
EndProject
Project("{FAE04EC0-301F-11D3-BF4B-00C04F79EFBC}") = "dotnetTemplate.Application", "dotnetTemplate.Application\dotnetTemplate.Application.csproj", "{2EA81C48-73F0-48CD-A963-C06294F59EDE}"
EndProject
Project("{FAE04EC0-301F-11D3-BF4B-00C04F79EFBC}") = "dotnetTemplate.Persistence", "dotnetTemplate.Persistence\dotnetTemplate.Persistence.csproj", "{916F4F6E-36CB-4050-B41F-0FED7C73FA32}"
EndProject
Project("{FAE04EC0-301F-11D3-BF4B-00C04F79EFBC}") = "dotnetTemplate.Gateways", "dotnetTemplate.Gateways\dotnetTemplate.Gateways.csproj", "{0EE70F77-5084-4E13-A063-1D331154F129}"
EndProject
Project("{FAE04EC0-301F-11D3-BF4B-00C04F79EFBC}") = "dotnetTemplate.Console", "dotnetTemplate.Console\dotnetTemplate.Console.csproj", "{47824286-03AA-4392-AE61-0DD59E383940}"
EndProject
Global
	GlobalSection(SolutionConfigurationPlatforms) = preSolution
		Debug|Any CPU = Debug|Any CPU
		Release|Any CPU = Release|Any CPU
	EndGlobalSection
	GlobalSection(NestedProjects) = preSolution
	EndGlobalSection
	GlobalSection(ProjectConfigurationPlatforms) = postSolution
		{C324BE7C-68C4-46E1-9F27-55A0EED2F0E7}.Debug|Any CPU.ActiveCfg = Debug|Any CPU
		{C324BE7C-68C4-46E1-9F27-55A0EED2F0E7}.Debug|Any CPU.Build.0 = Debug|Any CPU
		{C324BE7C-68C4-46E1-9F27-55A0EED2F0E7}.Release|Any CPU.ActiveCfg = Release|Any CPU
		{C324BE7C-68C4-46E1-9F27-55A0EED2F0E7}.Release|Any CPU.Build.0 = Release|Any CPU
		{2EA81C48-73F0-48CD-A963-C06294F59EDE}.Debug|Any CPU.ActiveCfg = Debug|Any CPU
		{2EA81C48-73F0-48CD-A963-C06294F59EDE}.Debug|Any CPU.Build.0 = Debug|Any CPU
		{2EA81C48-73F0-48CD-A963-C06294F59EDE}.Release|Any CPU.ActiveCfg = Release|Any CPU
		{2EA81C48-73F0-48CD-A963-C06294F59EDE}.Release|Any CPU.Build.0 = Release|Any CPU
		{916F4F6E-36CB-4050-B41F-0FED7C73FA32}.Debug|Any CPU.ActiveCfg = Debug|Any CPU
		{916F4F6E-36CB-4050-B41F-0FED7C73FA32}.Debug|Any CPU.Build.0 = Debug|Any CPU
		{916F4F6E-36CB-4050-B41F-0FED7C73FA32}.Release|Any CPU.ActiveCfg = Release|Any CPU
		{916F4F6E-36CB-4050-B41F-0FED7C73FA32}.Release|Any CPU.Build.0 = Release|Any CPU
		{0EE70F77-5084-4E13-A063-1D331154F129}.Debug|Any CPU.ActiveCfg = Debug|Any CPU
		{0EE70F77-5084-4E13-A063-1D331154F129}.Debug|Any CPU.Build.0 = Debug|Any CPU
		{0EE70F77-5084-4E13-A063-1D331154F129}.Release|Any CPU.ActiveCfg = Release|Any CPU
		{0EE70F77-5084-4E13-A063-1D331154F129}.Release|Any CPU.Build.0 = Release|Any CPU
		{47824286-03AA-4392-AE61-0DD59E383940}.Debug|Any CPU.ActiveCfg = Debug|Any CPU
		{47824286-03AA-4392-AE61-0DD59E383940}.Debug|Any CPU.Build.0 = Debug|Any CPU
		{47824286-03AA-4392-AE61-0DD59E383940}.Release|Any CPU.ActiveCfg = Release|Any CPU
		{47824286-03AA-4392-AE61-0DD59E383940}.Release|Any CPU.Build.0 = Release|Any CPU
	EndGlobalSection
EndGlobal
